
Microsoft Visual Studio Solution File, Format Version 12.00
# Visual Studio Version 17
VisualStudioVersion = 17.11.35303.130
MinimumVisualStudioVersion = 10.0.40219.1
Project("{8BC9CEB8-8B4A-11D0-8D11-00A0C91BC942}") = "Space_Shooter", "Space_Shooter\Space_Shooter.vcxproj", "{B52621D9-86B9-48AA-B759-02BA71767553}"
EndProject
Project("{8BC9CEB8-8B4A-11D0-8D11-00A0C91BC942}") = "Add Sond", "Add Sond\Add Sond.vcxproj", "{C4833D75-31A7-4AAB-9BA5-C3140BBF6BDE}"
EndProject
Project("{8BC9CEB8-8B4A-11D0-8D11-00A0C91BC942}") = "TestAnimation", "TestAnimation\TestAnimation.vcxproj", "{516B0960-ACB8-4952-AC00-7A6152F4653F}"
EndProject
Global
	GlobalSection(SolutionConfigurationPlatforms) = preSolution
		Debug|x64 = Debug|x64
		Debug|x86 = Debug|x86
		Release|x64 = Release|x64
		Release|x86 = Release|x86
	EndGlobalSection
	GlobalSection(ProjectConfigurationPlatforms) = postSolution
		{B52621D9-86B9-48AA-B759-02BA71767553}.Debug|x64.ActiveCfg = Debug|x64
		{B52621D9-86B9-48AA-B759-02BA71767553}.Debug|x64.Build.0 = Debug|x64
		{B52621D9-86B9-48AA-B759-02BA71767553}.Debug|x86.ActiveCfg = Debug|Win32
		{B52621D9-86B9-48AA-B759-02BA71767553}.Debug|x86.Build.0 = Debug|Win32
		{B52621D9-86B9-48AA-B759-02BA71767553}.Release|x64.ActiveCfg = Release|x64
		{B52621D9-86B9-48AA-B759-02BA71767553}.Release|x64.Build.0 = Release|x64
		{B52621D9-86B9-48AA-B759-02BA71767553}.Release|x86.ActiveCfg = Release|Win32
		{B52621D9-86B9-48AA-B759-02BA71767553}.Release|x86.Build.0 = Release|Win32
		{C4833D75-31A7-4AAB-9BA5-C3140BBF6BDE}.Debug|x64.ActiveCfg = Debug|x64
		{C4833D75-31A7-4AAB-9BA5-C3140BBF6BDE}.Debug|x64.Build.0 = Debug|x64
		{C4833D75-31A7-4AAB-9BA5-C3140BBF6BDE}.Debug|x86.ActiveCfg = Debug|Win32
		{C4833D75-31A7-4AAB-9BA5-C3140BBF6BDE}.Debug|x86.Build.0 = Debug|Win32
		{C4833D75-31A7-4AAB-9BA5-C3140BBF6BDE}.Release|x64.ActiveCfg = Release|x64
		{C4833D75-31A7-4AAB-9BA5-C3140BBF6BDE}.Release|x64.Build.0 = Release|x64
		{C4833D75-31A7-4AAB-9BA5-C3140BBF6BDE}.Release|x86.ActiveCfg = Release|Win32
		{C4833D75-31A7-4AAB-9BA5-C3140BBF6BDE}.Release|x86.Build.0 = Release|Win32
		{516B0960-ACB8-4952-AC00-7A6152F4653F}.Debug|x64.ActiveCfg = Debug|x64
		{516B0960-ACB8-4952-AC00-7A6152F4653F}.Debug|x64.Build.0 = Debug|x64
		{516B0960-ACB8-4952-AC00-7A6152F4653F}.Debug|x86.ActiveCfg = Debug|Win32
		{516B0960-ACB8-4952-AC00-7A6152F4653F}.Debug|x86.Build.0 = Debug|Win32
		{516B0960-ACB8-4952-AC00-7A6152F4653F}.Release|x64.ActiveCfg = Release|x64
		{516B0960-ACB8-4952-AC00-7A6152F4653F}.Release|x64.Build.0 = Release|x64
		{516B0960-ACB8-4952-AC00-7A6152F4653F}.Release|x86.ActiveCfg = Release|Win32
		{516B0960-ACB8-4952-AC00-7A6152F4653F}.Release|x86.Build.0 = Release|Win32
	EndGlobalSection
	GlobalSection(SolutionProperties) = preSolution
		HideSolutionNode = FALSE
	EndGlobalSection
	GlobalSection(ExtensibilityGlobals) = postSolution
		SolutionGuid = {5DD23661-EA7E-4A7A-853E-69D4862E85AC}
	EndGlobalSection
EndGlobal
